
Microsoft Visual Studio Solution File, Format Version 12.00
# Visual Studio Version 16
VisualStudioVersion = 16.0.31321.278
MinimumVisualStudioVersion = 10.0.40219.1
Project("{9A19103F-16F7-4668-BE54-9A1E7A4F7556}") = "TaskingoApp", "TaskingoApp.csproj", "{22879D5E-2BB7-42D3-BDA1-33C420C52F47}"
EndProject
Global
	GlobalSection(SolutionConfigurationPlatforms) = preSolution
		Debug|Any CPU = Debug|Any CPU
		Release|Any CPU = Release|Any CPU
	EndGlobalSection
	GlobalSection(ProjectConfigurationPlatforms) = postSolution
		{22879D5E-2BB7-42D3-BDA1-33C420C52F47}.Debug|Any CPU.ActiveCfg = Debug|Any CPU
		{22879D5E-2BB7-42D3-BDA1-33C420C52F47}.Debug|Any CPU.Build.0 = Debug|Any CPU
		{22879D5E-2BB7-42D3-BDA1-33C420C52F47}.Release|Any CPU.ActiveCfg = Release|Any CPU
		{22879D5E-2BB7-42D3-BDA1-33C420C52F47}.Release|Any CPU.Build.0 = Release|Any CPU
	EndGlobalSection
	GlobalSection(SolutionProperties) = preSolution
		HideSolutionNode = FALSE
	EndGlobalSection
	GlobalSection(ExtensibilityGlobals) = postSolution
		SolutionGuid = {3C2AB823-27A3-41AD-A039-199066850085}
	EndGlobalSection
EndGlobal
